
Microsoft Visual Studio Solution File, Format Version 12.00
# Visual Studio Version 17
VisualStudioVersion = 17.7.34031.279
MinimumVisualStudioVersion = 10.0.40219.1
Project("{FAE04EC0-301F-11D3-BF4B-00C04F79EFBC}") = "RolyPoly", "RolyPoly\RolyPoly.csproj", "{C68985AC-F813-4968-A754-0DC4578E8FA7}"
EndProject
Global
	GlobalSection(SolutionConfigurationPlatforms) = preSolution
		Debug|Any CPU = Debug|Any CPU
		Release|Any CPU = Release|Any CPU
	EndGlobalSection
	GlobalSection(ProjectConfigurationPlatforms) = postSolution
		{C68985AC-F813-4968-A754-0DC4578E8FA7}.Debug|Any CPU.ActiveCfg = Debug|Any CPU
		{C68985AC-F813-4968-A754-0DC4578E8FA7}.Debug|Any CPU.Build.0 = Debug|Any CPU
		{C68985AC-F813-4968-A754-0DC4578E8FA7}.Release|Any CPU.ActiveCfg = Release|Any CPU
		{C68985AC-F813-4968-A754-0DC4578E8FA7}.Release|Any CPU.Build.0 = Release|Any CPU
	EndGlobalSection
	GlobalSection(SolutionProperties) = preSolution
		HideSolutionNode = FALSE
	EndGlobalSection
	GlobalSection(ExtensibilityGlobals) = postSolution
		SolutionGuid = {3E0A8EDB-FF9B-4643-AD05-AB1EBA1BF23D}
	EndGlobalSection
EndGlobal
